// !$*UTF8*$!
{
	archiveVersion = 1;
	classes = {
	};
	objectVersion = 51;
	objects = {

/* Begin PBXBuildFile section */
		493EF6AD2353C5BE00058590 /* ExtensionVehicleTableViewController.swift in Sources */ = {isa = PBXBuildFile; fileRef = 493EF6AC2353C5BE00058590 /* ExtensionVehicleTableViewController.swift */; };
		4954E30B2353C17B005DCF1B /* Vehicle.swift in Sources */ = {isa = PBXBuildFile; fileRef = 4954E30A2353C17B005DCF1B /* Vehicle.swift */; };
		4954E3102353C2F9005DCF1B /* VehicleTableViewController.swift in Sources */ = {isa = PBXBuildFile; fileRef = 4954E30F2353C2F9005DCF1B /* VehicleTableViewController.swift */; };
		49777BC92354894600BF0C19 /* StoreService.swift in Sources */ = {isa = PBXBuildFile; fileRef = 49777BC82354894600BF0C19 /* StoreService.swift */; };
		49AEBD1F23538A570019F942 /* AppDelegate.swift in Sources */ = {isa = PBXBuildFile; fileRef = 49AEBD1E23538A570019F942 /* AppDelegate.swift */; };
		49AEBD2123538A570019F942 /* SceneDelegate.swift in Sources */ = {isa = PBXBuildFile; fileRef = 49AEBD2023538A570019F942 /* SceneDelegate.swift */; };
		49AEBD2623538A570019F942 /* Main.storyboard in Resources */ = {isa = PBXBuildFile; fileRef = 49AEBD2423538A570019F942 /* Main.storyboard */; };
		49AEBD2823538A580019F942 /* Assets.xcassets in Resources */ = {isa = PBXBuildFile; fileRef = 49AEBD2723538A580019F942 /* Assets.xcassets */; };
		49AEBD2B23538A580019F942 /* LaunchScreen.storyboard in Resources */ = {isa = PBXBuildFile; fileRef = 49AEBD2923538A580019F942 /* LaunchScreen.storyboard */; };
		49F2501823549F6100956EC5 /* VehicleTableViewCell.swift in Sources */ = {isa = PBXBuildFile; fileRef = 49F2501723549F6100956EC5 /* VehicleTableViewCell.swift */; };
		49F2501B2354A4B000956EC5 /* VehicleEditViewController.swift in Sources */ = {isa = PBXBuildFile; fileRef = 49F2501A2354A4B000956EC5 /* VehicleEditViewController.swift */; };
		A7583068A91D67316613E33D /* Pods_FocusApp.framework in Frameworks */ = {isa = PBXBuildFile; fileRef = 7F65551EFC7A41FA8CDEA4D5 /* Pods_FocusApp.framework */; };
/* End PBXBuildFile section */

/* Begin PBXFileReference section */
		493EF6AC2353C5BE00058590 /* ExtensionVehicleTableViewController.swift */ = {isa = PBXFileReference; lastKnownFileType = sourcecode.swift; path = ExtensionVehicleTableViewController.swift; sourceTree = "<group>"; };
		4954E30A2353C17B005DCF1B /* Vehicle.swift */ = {isa = PBXFileReference; lastKnownFileType = sourcecode.swift; path = Vehicle.swift; sourceTree = "<group>"; };
		4954E30F2353C2F9005DCF1B /* VehicleTableViewController.swift */ = {isa = PBXFileReference; lastKnownFileType = sourcecode.swift; path = VehicleTableViewController.swift; sourceTree = "<group>"; };
		49777BC82354894600BF0C19 /* StoreService.swift */ = {isa = PBXFileReference; lastKnownFileType = sourcecode.swift; path = StoreService.swift; sourceTree = "<group>"; };
		49AEBD1B23538A570019F942 /* FocusApp.app */ = {isa = PBXFileReference; explicitFileType = wrapper.application; includeInIndex = 0; path = FocusApp.app; sourceTree = BUILT_PRODUCTS_DIR; };
		49AEBD1E23538A570019F942 /* AppDelegate.swift */ = {isa = PBXFileReference; lastKnownFileType = sourcecode.swift; path = AppDelegate.swift; sourceTree = "<group>"; };
		49AEBD2023538A570019F942 /* SceneDelegate.swift */ = {isa = PBXFileReference; lastKnownFileType = sourcecode.swift; path = SceneDelegate.swift; sourceTree = "<group>"; };
		49AEBD2523538A570019F942 /* Base */ = {isa = PBXFileReference; lastKnownFileType = file.storyboard; name = Base; path = Base.lproj/Main.storyboard; sourceTree = "<group>"; };
		49AEBD2723538A580019F942 /* Assets.xcassets */ = {isa = PBXFileReference; lastKnownFileType = folder.assetcatalog; path = Assets.xcassets; sourceTree = "<group>"; };
		49AEBD2A23538A580019F942 /* Base */ = {isa = PBXFileReference; lastKnownFileType = file.storyboard; name = Base; path = Base.lproj/LaunchScreen.storyboard; sourceTree = "<group>"; };
		49AEBD2C23538A580019F942 /* Info.plist */ = {isa = PBXFileReference; lastKnownFileType = text.plist.xml; path = Info.plist; sourceTree = "<group>"; };
		49F2501723549F6100956EC5 /* VehicleTableViewCell.swift */ = {isa = PBXFileReference; lastKnownFileType = sourcecode.swift; path = VehicleTableViewCell.swift; sourceTree = "<group>"; };
		49F2501A2354A4B000956EC5 /* VehicleEditViewController.swift */ = {isa = PBXFileReference; lastKnownFileType = sourcecode.swift; path = VehicleEditViewController.swift; sourceTree = "<group>"; };
		7F65551EFC7A41FA8CDEA4D5 /* Pods_FocusApp.framework */ = {isa = PBXFileReference; explicitFileType = wrapper.framework; includeInIndex = 0; path = Pods_FocusApp.framework; sourceTree = BUILT_PRODUCTS_DIR; };
		A5DF46BDC87C1CE7DE47D2E3 /* Pods-FocusApp.release.xcconfig */ = {isa = PBXFileReference; includeInIndex = 1; lastKnownFileType = text.xcconfig; name = "Pods-FocusApp.release.xcconfig"; path = "Target Support Files/Pods-FocusApp/Pods-FocusApp.release.xcconfig"; sourceTree = "<group>"; };
		C80A1FC999CE8A178973A343 /* Pods-FocusApp.debug.xcconfig */ = {isa = PBXFileReference; includeInIndex = 1; lastKnownFileType = text.xcconfig; name = "Pods-FocusApp.debug.xcconfig"; path = "Target Support Files/Pods-FocusApp/Pods-FocusApp.debug.xcconfig"; sourceTree = "<group>"; };
/* End PBXFileReference section */

/* Begin PBXFrameworksBuildPhase section */
		49AEBD1823538A570019F942 /* Frameworks */ = {
			isa = PBXFrameworksBuildPhase;
			buildActionMask = 2147483647;
			files = (
				A7583068A91D67316613E33D /* Pods_FocusApp.framework in Frameworks */,
			);
			runOnlyForDeploymentPostprocessing = 0;
		};
/* End PBXFrameworksBuildPhase section */

/* Begin PBXGroup section */
		4954E3092353C15F005DCF1B /* Model */ = {
			isa = PBXGroup;
			children = (
				4954E30A2353C17B005DCF1B /* Vehicle.swift */,
			);
			path = Model;
			sourceTree = "<group>";
		};
		4954E30C2353C2B7005DCF1B /* ViewControllers */ = {
			isa = PBXGroup;
			children = (
				49F250192354A49400956EC5 /* VehicleEditViewController */,
				4954E3112353C33F005DCF1B /* VehicleTableViewController */,
			);
			path = ViewControllers;
			sourceTree = "<group>";
		};
		4954E30E2353C2C6005DCF1B /* StoryBoards */ = {
			isa = PBXGroup;
			children = (
				49AEBD2423538A570019F942 /* Main.storyboard */,
			);
			path = StoryBoards;
			sourceTree = "<group>";
		};
		4954E3112353C33F005DCF1B /* VehicleTableViewController */ = {
			isa = PBXGroup;
			children = (
				4954E30F2353C2F9005DCF1B /* VehicleTableViewController.swift */,
				493EF6AC2353C5BE00058590 /* ExtensionVehicleTableViewController.swift */,
			);
			path = VehicleTableViewController;
			sourceTree = "<group>";
		};
		49777BC62354893200BF0C19 /* Services */ = {
			isa = PBXGroup;
			children = (
				49777BC72354893900BF0C19 /* StoreService */,
			);
			path = Services;
			sourceTree = "<group>";
		};
		49777BC72354893900BF0C19 /* StoreService */ = {
			isa = PBXGroup;
			children = (
				49777BC82354894600BF0C19 /* StoreService.swift */,
			);
			path = StoreService;
			sourceTree = "<group>";
		};
		49AEBD1223538A570019F942 = {
			isa = PBXGroup;
			children = (
				49AEBD1D23538A570019F942 /* FocusApp */,
				49AEBD1C23538A570019F942 /* Products */,
				A925C7F0A3C134629B2ABC20 /* Pods */,
				D87A246B827B8D4411691119 /* Frameworks */,
			);
			sourceTree = "<group>";
		};
		49AEBD1C23538A570019F942 /* Products */ = {
			isa = PBXGroup;
			children = (
				49AEBD1B23538A570019F942 /* FocusApp.app */,
			);
			name = Products;
			sourceTree = "<group>";
		};
		49AEBD1D23538A570019F942 /* FocusApp */ = {
			isa = PBXGroup;
			children = (
				49F2501523549F2700956EC5 /* Views */,
				49777BC62354893200BF0C19 /* Services */,
				4954E30E2353C2C6005DCF1B /* StoryBoards */,
				4954E30C2353C2B7005DCF1B /* ViewControllers */,
				4954E3092353C15F005DCF1B /* Model */,
				49AEBD3223538A690019F942 /* Other */,
			);
			path = FocusApp;
			sourceTree = "<group>";
		};
		49AEBD3223538A690019F942 /* Other */ = {
			isa = PBXGroup;
			children = (
				49AEBD3323538A6F0019F942 /* App */,
				49AEBD3423538A7D0019F942 /* Config */,
				49AEBD3523538A850019F942 /* Resources */,
			);
			path = Other;
			sourceTree = "<group>";
		};
		49AEBD3323538A6F0019F942 /* App */ = {
			isa = PBXGroup;
			children = (
				49AEBD1E23538A570019F942 /* AppDelegate.swift */,
				49AEBD2023538A570019F942 /* SceneDelegate.swift */,
				49AEBD2923538A580019F942 /* LaunchScreen.storyboard */,
			);
			path = App;
			sourceTree = "<group>";
		};
		49AEBD3423538A7D0019F942 /* Config */ = {
			isa = PBXGroup;
			children = (
				49AEBD2C23538A580019F942 /* Info.plist */,
			);
			path = Config;
			sourceTree = "<group>";
		};
		49AEBD3523538A850019F942 /* Resources */ = {
			isa = PBXGroup;
			children = (
				49AEBD2723538A580019F942 /* Assets.xcassets */,
			);
			path = Resources;
			sourceTree = "<group>";
		};
		49F2501523549F2700956EC5 /* Views */ = {
			isa = PBXGroup;
			children = (
				49F2501623549F2E00956EC5 /* VehicleTableViewCell */,
			);
			path = Views;
			sourceTree = "<group>";
		};
		49F2501623549F2E00956EC5 /* VehicleTableViewCell */ = {
			isa = PBXGroup;
			children = (
				49F2501723549F6100956EC5 /* VehicleTableViewCell.swift */,
			);
			path = VehicleTableViewCell;
			sourceTree = "<group>";
		};
		49F250192354A49400956EC5 /* VehicleEditViewController */ = {
			isa = PBXGroup;
			children = (
				49F2501A2354A4B000956EC5 /* VehicleEditViewController.swift */,
			);
			path = VehicleEditViewController;
			sourceTree = "<group>";
		};
		A925C7F0A3C134629B2ABC20 /* Pods */ = {
			isa = PBXGroup;
			children = (
				C80A1FC999CE8A178973A343 /* Pods-FocusApp.debug.xcconfig */,
				A5DF46BDC87C1CE7DE47D2E3 /* Pods-FocusApp.release.xcconfig */,
			);
			path = Pods;
			sourceTree = "<group>";
		};
		D87A246B827B8D4411691119 /* Frameworks */ = {
			isa = PBXGroup;
			children = (
				7F65551EFC7A41FA8CDEA4D5 /* Pods_FocusApp.framework */,
			);
			name = Frameworks;
			sourceTree = "<group>";
		};
/* End PBXGroup section */

/* Begin PBXNativeTarget section */
		49AEBD1A23538A570019F942 /* FocusApp */ = {
			isa = PBXNativeTarget;
			buildConfigurationList = 49AEBD2F23538A580019F942 /* Build configuration list for PBXNativeTarget "FocusApp" */;
			buildPhases = (
				FF10121C53B2C28707B2C169 /* [CP] Check Pods Manifest.lock */,
				49AEBD1723538A570019F942 /* Sources */,
				49AEBD1823538A570019F942 /* Frameworks */,
				49AEBD1923538A570019F942 /* Resources */,
				5FE0B0A04407A76E9B10A66C /* [CP] Embed Pods Frameworks */,
			);
			buildRules = (
			);
			dependencies = (
			);
			name = FocusApp;
			productName = FocusApp;
			productReference = 49AEBD1B23538A570019F942 /* FocusApp.app */;
			productType = "com.apple.product-type.application";
		};
/* End PBXNativeTarget section */

/* Begin PBXProject section */
		49AEBD1323538A570019F942 /* Project object */ = {
			isa = PBXProject;
			attributes = {
				LastSwiftUpdateCheck = 1110;
				LastUpgradeCheck = 1110;
				ORGANIZATIONNAME = "Renewal Studio";
				TargetAttributes = {
					49AEBD1A23538A570019F942 = {
						CreatedOnToolsVersion = 11.1;
					};
				};
			};
			buildConfigurationList = 49AEBD1623538A570019F942 /* Build configuration list for PBXProject "FocusApp" */;
			compatibilityVersion = "Xcode 9.3";
			developmentRegion = en;
			hasScannedForEncodings = 0;
			knownRegions = (
				en,
				Base,
			);
			mainGroup = 49AEBD1223538A570019F942;
			productRefGroup = 49AEBD1C23538A570019F942 /* Products */;
			projectDirPath = "";
			projectRoot = "";
			targets = (
				49AEBD1A23538A570019F942 /* FocusApp */,
			);
		};
/* End PBXProject section */

/* Begin PBXResourcesBuildPhase section */
		49AEBD1923538A570019F942 /* Resources */ = {
			isa = PBXResourcesBuildPhase;
			buildActionMask = 2147483647;
			files = (
				49AEBD2B23538A580019F942 /* LaunchScreen.storyboard in Resources */,
				49AEBD2823538A580019F942 /* Assets.xcassets in Resources */,
				49AEBD2623538A570019F942 /* Main.storyboard in Resources */,
			);
			runOnlyForDeploymentPostprocessing = 0;
		};
/* End PBXResourcesBuildPhase section */

/* Begin PBXShellScriptBuildPhase section */
		5FE0B0A04407A76E9B10A66C /* [CP] Embed Pods Frameworks */ = {
			isa = PBXShellScriptBuildPhase;
			buildActionMask = 2147483647;
			files = (
			);
			inputFileListPaths = (
				"${PODS_ROOT}/Target Support Files/Pods-FocusApp/Pods-FocusApp-frameworks-${CONFIGURATION}-input-files.xcfilelist",
			);
			name = "[CP] Embed Pods Frameworks";
			outputFileListPaths = (
				"${PODS_ROOT}/Target Support Files/Pods-FocusApp/Pods-FocusApp-frameworks-${CONFIGURATION}-output-files.xcfilelist",
			);
			runOnlyForDeploymentPostprocessing = 0;
			shellPath = /bin/sh;
			shellScript = "\"${PODS_ROOT}/Target Support Files/Pods-FocusApp/Pods-FocusApp-frameworks.sh\"\n";
			showEnvVarsInLog = 0;
		};
		FF10121C53B2C28707B2C169 /* [CP] Check Pods Manifest.lock */ = {
			isa = PBXShellScriptBuildPhase;
			buildActionMask = 2147483647;
			files = (
			);
			inputFileListPaths = (
			);
			inputPaths = (
				"${PODS_PODFILE_DIR_PATH}/Podfile.lock",
				"${PODS_ROOT}/Manifest.lock",
			);
			name = "[CP] Check Pods Manifest.lock";
			outputFileListPaths = (
			);
			outputPaths = (
				"$(DERIVED_FILE_DIR)/Pods-FocusApp-checkManifestLockResult.txt",
			);
			runOnlyForDeploymentPostprocessing = 0;
			shellPath = /bin/sh;
			shellScript = "diff \"${PODS_PODFILE_DIR_PATH}/Podfile.lock\" \"${PODS_ROOT}/Manifest.lock\" > /dev/null\nif [ $? != 0 ] ; then\n    # print error to STDERR\n    echo \"error: The sandbox is not in sync with the Podfile.lock. Run 'pod install' or update your CocoaPods installation.\" >&2\n    exit 1\nfi\n# This output is used by Xcode 'outputs' to avoid re-running this script phase.\necho \"SUCCESS\" > \"${SCRIPT_OUTPUT_FILE_0}\"\n";
			showEnvVarsInLog = 0;
		};
/* End PBXShellScriptBuildPhase section */

/* Begin PBXSourcesBuildPhase section */
		49AEBD1723538A570019F942 /* Sources */ = {
			isa = PBXSourcesBuildPhase;
			buildActionMask = 2147483647;
			files = (
				4954E3102353C2F9005DCF1B /* VehicleTableViewController.swift in Sources */,
				49F2501823549F6100956EC5 /* VehicleTableViewCell.swift in Sources */,
				4954E30B2353C17B005DCF1B /* Vehicle.swift in Sources */,
				493EF6AD2353C5BE00058590 /* ExtensionVehicleTableViewController.swift in Sources */,
				49AEBD1F23538A570019F942 /* AppDelegate.swift in Sources */,
				49AEBD2123538A570019F942 /* SceneDelegate.swift in Sources */,
				49777BC92354894600BF0C19 /* StoreService.swift in Sources */,
				49F2501B2354A4B000956EC5 /* VehicleEditViewController.swift in Sources */,
			);
			runOnlyForDeploymentPostprocessing = 0;
		};
/* End PBXSourcesBuildPhase section */

/* Begin PBXVariantGroup section */
		49AEBD2423538A570019F942 /* Main.storyboard */ = {
			isa = PBXVariantGroup;
			children = (
				49AEBD2523538A570019F942 /* Base */,
			);
			name = Main.storyboard;
			sourceTree = "<group>";
		};
		49AEBD2923538A580019F942 /* LaunchScreen.storyboard */ = {
			isa = PBXVariantGroup;
			children = (
				49AEBD2A23538A580019F942 /* Base */,
			);
			name = LaunchScreen.storyboard;
			sourceTree = "<group>";
		};
/* End PBXVariantGroup section */

/* Begin XCBuildConfiguration section */
		49AEBD2D23538A580019F942 /* Debug */ = {
			isa = XCBuildConfiguration;
			buildSettings = {
				ALWAYS_SEARCH_USER_PATHS = NO;
				CLANG_ANALYZER_NONNULL = YES;
				CLANG_ANALYZER_NUMBER_OBJECT_CONVERSION = YES_AGGRESSIVE;
				CLANG_CXX_LANGUAGE_STANDARD = "gnu++14";
				CLANG_CXX_LIBRARY = "libc++";
				CLANG_ENABLE_MODULES = YES;
				CLANG_ENABLE_OBJC_ARC = YES;
				CLANG_ENABLE_OBJC_WEAK = YES;
				CLANG_WARN_BLOCK_CAPTURE_AUTORELEASING = YES;
				CLANG_WARN_BOOL_CONVERSION = YES;
				CLANG_WARN_COMMA = YES;
				CLANG_WARN_CONSTANT_CONVERSION = YES;
				CLANG_WARN_DEPRECATED_OBJC_IMPLEMENTATIONS = YES;
				CLANG_WARN_DIRECT_OBJC_ISA_USAGE = YES_ERROR;
				CLANG_WARN_DOCUMENTATION_COMMENTS = YES;
				CLANG_WARN_EMPTY_BODY = YES;
				CLANG_WARN_ENUM_CONVERSION = YES;
				CLANG_WARN_INFINITE_RECURSION = YES;
				CLANG_WARN_INT_CONVERSION = YES;
				CLANG_WARN_NON_LITERAL_NULL_CONVERSION = YES;
				CLANG_WARN_OBJC_IMPLICIT_RETAIN_SELF = YES;
				CLANG_WARN_OBJC_LITERAL_CONVERSION = YES;
				CLANG_WARN_OBJC_ROOT_CLASS = YES_ERROR;
				CLANG_WARN_RANGE_LOOP_ANALYSIS = YES;
				CLANG_WARN_STRICT_PROTOTYPES = YES;
				CLANG_WARN_SUSPICIOUS_MOVE = YES;
				CLANG_WARN_UNGUARDED_AVAILABILITY = YES_AGGRESSIVE;
				CLANG_WARN_UNREACHABLE_CODE = YES;
				CLANG_WARN__DUPLICATE_METHOD_MATCH = YES;
				COPY_PHASE_STRIP = NO;
				DEBUG_INFORMATION_FORMAT = dwarf;
				ENABLE_STRICT_OBJC_MSGSEND = YES;
				ENABLE_TESTABILITY = YES;
				GCC_C_LANGUAGE_STANDARD = gnu11;
				GCC_DYNAMIC_NO_PIC = NO;
				GCC_NO_COMMON_BLOCKS = YES;
				GCC_OPTIMIZATION_LEVEL = 0;
				GCC_PREPROCESSOR_DEFINITIONS = (
					"DEBUG=1",
					"$(inherited)",
				);
				GCC_WARN_64_TO_32_BIT_CONVERSION = YES;
				GCC_WARN_ABOUT_RETURN_TYPE = YES_ERROR;
				GCC_WARN_UNDECLARED_SELECTOR = YES;
				GCC_WARN_UNINITIALIZED_AUTOS = YES_AGGRESSIVE;
				GCC_WARN_UNUSED_FUNCTION = YES;
				GCC_WARN_UNUSED_VARIABLE = YES;
				IPHONEOS_DEPLOYMENT_TARGET = 13.1;
				MTL_ENABLE_DEBUG_INFO = INCLUDE_SOURCE;
				MTL_FAST_MATH = YES;
				ONLY_ACTIVE_ARCH = YES;
				SDKROOT = iphoneos;
				SWIFT_ACTIVE_COMPILATION_CONDITIONS = DEBUG;
				SWIFT_OPTIMIZATION_LEVEL = "-Onone";
			};
			name = Debug;
		};
		49AEBD2E23538A580019F942 /* Release */ = {
			isa = XCBuildConfiguration;
			buildSettings = {
				ALWAYS_SEARCH_USER_PATHS = NO;
				CLANG_ANALYZER_NONNULL = YES;
				CLANG_ANALYZER_NUMBER_OBJECT_CONVERSION = YES_AGGRESSIVE;
				CLANG_CXX_LANGUAGE_STANDARD = "gnu++14";
				CLANG_CXX_LIBRARY = "libc++";
				CLANG_ENABLE_MODULES = YES;
				CLANG_ENABLE_OBJC_ARC = YES;
				CLANG_ENABLE_OBJC_WEAK = YES;
				CLANG_WARN_BLOCK_CAPTURE_AUTORELEASING = YES;
				CLANG_WARN_BOOL_CONVERSION = YES;
				CLANG_WARN_COMMA = YES;
				CLANG_WARN_CONSTANT_CONVERSION = YES;
				CLANG_WARN_DEPRECATED_OBJC_IMPLEMENTATIONS = YES;
				CLANG_WARN_DIRECT_OBJC_ISA_USAGE = YES_ERROR;
				CLANG_WARN_DOCUMENTATION_COMMENTS = YES;
				CLANG_WARN_EMPTY_BODY = YES;
				CLANG_WARN_ENUM_CONVERSION = YES;
				CLANG_WARN_INFINITE_RECURSION = YES;
				CLANG_WARN_INT_CONVERSION = YES;
				CLANG_WARN_NON_LITERAL_NULL_CONVERSION = YES;
				CLANG_WARN_OBJC_IMPLICIT_RETAIN_SELF = YES;
				CLANG_WARN_OBJC_LITERAL_CONVERSION = YES;
				CLANG_WARN_OBJC_ROOT_CLASS = YES_ERROR;
				CLANG_WARN_RANGE_LOOP_ANALYSIS = YES;
				CLANG_WARN_STRICT_PROTOTYPES = YES;
				CLANG_WARN_SUSPICIOUS_MOVE = YES;
				CLANG_WARN_UNGUARDED_AVAILABILITY = YES_AGGRESSIVE;
				CLANG_WARN_UNREACHABLE_CODE = YES;
				CLANG_WARN__DUPLICATE_METHOD_MATCH = YES;
				COPY_PHASE_STRIP = NO;
				DEBUG_INFORMATION_FORMAT = "dwarf-with-dsym";
				ENABLE_NS_ASSERTIONS = NO;
				ENABLE_STRICT_OBJC_MSGSEND = YES;
				GCC_C_LANGUAGE_STANDARD = gnu11;
				GCC_NO_COMMON_BLOCKS = YES;
				GCC_WARN_64_TO_32_BIT_CONVERSION = YES;
				GCC_WARN_ABOUT_RETURN_TYPE = YES_ERROR;
				GCC_WARN_UNDECLARED_SELECTOR = YES;
				GCC_WARN_UNINITIALIZED_AUTOS = YES_AGGRESSIVE;
				GCC_WARN_UNUSED_FUNCTION = YES;
				GCC_WARN_UNUSED_VARIABLE = YES;
				IPHONEOS_DEPLOYMENT_TARGET = 13.1;
				MTL_ENABLE_DEBUG_INFO = NO;
				MTL_FAST_MATH = YES;
				SDKROOT = iphoneos;
				SWIFT_COMPILATION_MODE = wholemodule;
				SWIFT_OPTIMIZATION_LEVEL = "-O";
				VALIDATE_PRODUCT = YES;
			};
			name = Release;
		};
		49AEBD3023538A580019F942 /* Debug */ = {
			isa = XCBuildConfiguration;
			baseConfigurationReference = C80A1FC999CE8A178973A343 /* Pods-FocusApp.debug.xcconfig */;
			buildSettings = {
				ASSETCATALOG_COMPILER_APPICON_NAME = AppIcon;
				CODE_SIGN_STYLE = Automatic;
				DEVELOPMENT_TEAM = SXZC63JDMZ;
				INFOPLIST_FILE = FocusApp/Other/Config/Info.plist;
				LD_RUNPATH_SEARCH_PATHS = (
					"$(inherited)",
					"@executable_path/Frameworks",
				);
				PRODUCT_BUNDLE_IDENTIFIER = "Renewal-Studio.FocusApp";
				PRODUCT_NAME = "$(TARGET_NAME)";
				SWIFT_VERSION = 5.0;
				TARGETED_DEVICE_FAMILY = 1;
			};
			name = Debug;
		};
		49AEBD3123538A580019F942 /* Release */ = {
			isa = XCBuildConfiguration;
			baseConfigurationReference = A5DF46BDC87C1CE7DE47D2E3 /* Pods-FocusApp.release.xcconfig */;
			buildSettings = {
				ASSETCATALOG_COMPILER_APPICON_NAME = AppIcon;
				CODE_SIGN_STYLE = Automatic;
				DEVELOPMENT_TEAM = SXZC63JDMZ;
				INFOPLIST_FILE = FocusApp/Other/Config/Info.plist;
				LD_RUNPATH_SEARCH_PATHS = (
					"$(inherited)",
					"@executable_path/Frameworks",
				);
				PRODUCT_BUNDLE_IDENTIFIER = "Renewal-Studio.FocusApp";
				PRODUCT_NAME = "$(TARGET_NAME)";
				SWIFT_VERSION = 5.0;
				TARGETED_DEVICE_FAMILY = 1;
			};
			name = Release;
		};
/* End XCBuildConfiguration section */

/* Begin XCConfigurationList section */
		49AEBD1623538A570019F942 /* Build configuration list for PBXProject "FocusApp" */ = {
			isa = XCConfigurationList;
			buildConfigurations = (
				49AEBD2D23538A580019F942 /* Debug */,
				49AEBD2E23538A580019F942 /* Release */,
			);
			defaultConfigurationIsVisible = 0;
			defaultConfigurationName = Release;
		};
		49AEBD2F23538A580019F942 /* Build configuration list for PBXNativeTarget "FocusApp" */ = {
			isa = XCConfigurationList;
			buildConfigurations = (
				49AEBD3023538A580019F942 /* Debug */,
				49AEBD3123538A580019F942 /* Release */,
			);
			defaultConfigurationIsVisible = 0;
			defaultConfigurationName = Release;
		};
/* End XCConfigurationList section */
	};
	rootObject = 49AEBD1323538A570019F942 /* Project object */;
}
